
Microsoft Visual Studio Solution File, Format Version 12.00
# Visual Studio 2013
VisualStudioVersion = 12.0.31101.0
MinimumVisualStudioVersion = 10.0.40219.1
Project("{FAE04EC0-301F-11D3-BF4B-00C04F79EFBC}") = "FizzBuzzConsole", "FizzBuzzConsole\FizzBuzzConsole.csproj", "{373BD57D-8B4E-478B-BD93-76C11DD12325}"
EndProject
Project("{FAE04EC0-301F-11D3-BF4B-00C04F79EFBC}") = "FizzBuzzDotNet", "FizzBuzzDotNet\FizzBuzzDotNet.csproj", "{581FC148-F9B0-4B41-8C12-B2705DC701AA}"
EndProject
Project("{FAE04EC0-301F-11D3-BF4B-00C04F79EFBC}") = "FizzBuzzTests", "FizzBuzzTests\FizzBuzzTests.csproj", "{3D791B5C-8493-40DB-8EBD-A44EE92F6542}"
EndProject
Project("{2150E333-8FDC-42A3-9474-1A3956D46DE8}") = "Solution Items", "Solution Items", "{E23BABF5-BF7C-4995-A305-72B379752459}"
	ProjectSection(SolutionItems) = preProject
		README.md = README.md
	EndProjectSection
EndProject
Global
	GlobalSection(SolutionConfigurationPlatforms) = preSolution
		Debug|Any CPU = Debug|Any CPU
		Release|Any CPU = Release|Any CPU
	EndGlobalSection
	GlobalSection(ProjectConfigurationPlatforms) = postSolution
		{373BD57D-8B4E-478B-BD93-76C11DD12325}.Debug|Any CPU.ActiveCfg = Debug|Any CPU
		{373BD57D-8B4E-478B-BD93-76C11DD12325}.Debug|Any CPU.Build.0 = Debug|Any CPU
		{373BD57D-8B4E-478B-BD93-76C11DD12325}.Release|Any CPU.ActiveCfg = Release|Any CPU
		{373BD57D-8B4E-478B-BD93-76C11DD12325}.Release|Any CPU.Build.0 = Release|Any CPU
		{581FC148-F9B0-4B41-8C12-B2705DC701AA}.Debug|Any CPU.ActiveCfg = Debug|Any CPU
		{581FC148-F9B0-4B41-8C12-B2705DC701AA}.Debug|Any CPU.Build.0 = Debug|Any CPU
		{581FC148-F9B0-4B41-8C12-B2705DC701AA}.Release|Any CPU.ActiveCfg = Release|Any CPU
		{581FC148-F9B0-4B41-8C12-B2705DC701AA}.Release|Any CPU.Build.0 = Release|Any CPU
		{3D791B5C-8493-40DB-8EBD-A44EE92F6542}.Debug|Any CPU.ActiveCfg = Debug|Any CPU
		{3D791B5C-8493-40DB-8EBD-A44EE92F6542}.Debug|Any CPU.Build.0 = Debug|Any CPU
		{3D791B5C-8493-40DB-8EBD-A44EE92F6542}.Release|Any CPU.ActiveCfg = Release|Any CPU
		{3D791B5C-8493-40DB-8EBD-A44EE92F6542}.Release|Any CPU.Build.0 = Release|Any CPU
	EndGlobalSection
	GlobalSection(SolutionProperties) = preSolution
		HideSolutionNode = FALSE
	EndGlobalSection
EndGlobal
